
Microsoft Visual Studio Solution File, Format Version 12.00
# Visual Studio Version 17
VisualStudioVersion = 17.11.35222.181
MinimumVisualStudioVersion = 10.0.40219.1
Project("{FAE04EC0-301F-11D3-BF4B-00C04F79EFBC}") = "LoginAndRegFinal", "LoginAndRegFinal\LoginAndRegFinal.csproj", "{7F5F8E85-5855-4ADE-B24E-27A0A59DB958}"
EndProject
Global
	GlobalSection(SolutionConfigurationPlatforms) = preSolution
		Debug|Any CPU = Debug|Any CPU
		Release|Any CPU = Release|Any CPU
	EndGlobalSection
	GlobalSection(ProjectConfigurationPlatforms) = postSolution
		{7F5F8E85-5855-4ADE-B24E-27A0A59DB958}.Debug|Any CPU.ActiveCfg = Debug|Any CPU
		{7F5F8E85-5855-4ADE-B24E-27A0A59DB958}.Debug|Any CPU.Build.0 = Debug|Any CPU
		{7F5F8E85-5855-4ADE-B24E-27A0A59DB958}.Release|Any CPU.ActiveCfg = Release|Any CPU
		{7F5F8E85-5855-4ADE-B24E-27A0A59DB958}.Release|Any CPU.Build.0 = Release|Any CPU
	EndGlobalSection
	GlobalSection(SolutionProperties) = preSolution
		HideSolutionNode = FALSE
	EndGlobalSection
	GlobalSection(ExtensibilityGlobals) = postSolution
		SolutionGuid = {31D8DFA9-0164-4EFC-940C-77939C52F2B0}
	EndGlobalSection
EndGlobal
